PODS:
  - boost-for-react-native (1.63.0)
  - DoubleConversion (1.1.6)
  - FBLazyVector (0.61.65)
  - FBReactNativeSpec (0.61.65):
    - Folly (= 2018.10.22.00)
    - RCTRequired (= 0.61.65)
    - RCTTypeSafety (= 0.61.65)
    - React-Core (= 0.61.65)
    - React-jsi (= 0.61.65)
    - ReactCommon/turbomodule/core (= 0.61.65)
  - Folly (2018.10.22.00):
    - boost-for-react-native
    - DoubleConversion
    - Folly/Default (= 2018.10.22.00)
    - glog
  - Folly/Default (2018.10.22.00):
    - boost-for-react-native
    - DoubleConversion
    - glog
  - glog (0.3.5)
  - RCTRequired (0.61.65)
  - RCTTypeSafety (0.61.65):
    - FBLazyVector (= 0.61.65)
    - Folly (= 2018.10.22.00)
    - RCTRequired (= 0.61.65)
    - React-Core (= 0.61.65)
  - React (0.61.65):
    - React-Core (= 0.61.65)
    - React-Core/DevSupport (= 0.61.65)
    - React-Core/RCTWebSocket (= 0.61.65)
    - React-RCTActionSheet (= 0.61.65)
    - React-RCTAnimation (= 0.61.65)
    - React-RCTBlob (= 0.61.65)
    - React-RCTImage (= 0.61.65)
    - React-RCTLinking (= 0.61.65)
    - React-RCTNetwork (= 0.61.65)
    - React-RCTSettings (= 0.61.65)
    - React-RCTText (= 0.61.65)
    - React-RCTVibration (= 0.61.65)
  - React-Core (0.61.65):
    - Folly (= 2018.10.22.00)
    - glog
    - React-Core/Default (= 0.61.65)
    - React-cxxreact (= 0.61.65)
    - React-jsi (= 0.61.65)
    - React-jsiexecutor (= 0.61.65)
    - Yoga
  - React-Core/CoreModulesHeaders (0.61.65):
    - Folly (= 2018.10.22.00)
    - glog
    - React-Core/Default
    - React-cxxreact (= 0.61.65)
    - React-jsi (= 0.61.65)
    - React-jsiexecutor (= 0.61.65)
    - Yoga
  - React-Core/Default (0.61.65):
    - Folly (= 2018.10.22.00)
    - glog
    - React-cxxreact (= 0.61.65)
    - React-jsi (= 0.61.65)
    - React-jsiexecutor (= 0.61.65)
    - Yoga
  - React-Core/DevSupport (0.61.65):
    - Folly (= 2018.10.22.00)
    - glog
    - React-Core/Default (= 0.61.65)
    - React-Core/RCTWebSocket (= 0.61.65)
    - React-cxxreact (= 0.61.65)
    - React-jsi (= 0.61.65)
    - React-jsiexecutor (= 0.61.65)
    - React-jsinspector (= 0.61.65)
    - Yoga
  - React-Core/RCTActionSheetHeaders (0.61.65):
    - Folly (= 2018.10.22.00)
    - glog
    - React-Core/Default
    - React-cxxreact (= 0.61.65)
    - React-jsi (= 0.61.65)
    - React-jsiexecutor (= 0.61.65)
    - Yoga
  - React-Core/RCTAnimationHeaders (0.61.65):
    - Folly (= 2018.10.22.00)
    - glog
    - React-Core/Default
    - React-cxxreact (= 0.61.65)
    - React-jsi (= 0.61.65)
    - React-jsiexecutor (= 0.61.65)
    - Yoga
  - React-Core/RCTBlobHeaders (0.61.65):
    - Folly (= 2018.10.22.00)
    - glog
    - React-Core/Default
    - React-cxxreact (= 0.61.65)
    - React-jsi (= 0.61.65)
    - React-jsiexecutor (= 0.61.65)
    - Yoga
  - React-Core/RCTImageHeaders (0.61.65):
    - Folly (= 2018.10.22.00)
    - glog
    - React-Core/Default
    - React-cxxreact (= 0.61.65)
    - React-jsi (= 0.61.65)
    - React-jsiexecutor (= 0.61.65)
    - Yoga
  - React-Core/RCTLinkingHeaders (0.61.65):
    - Folly (= 2018.10.22.00)
    - glog
    - React-Core/Default
    - React-cxxreact (= 0.61.65)
    - React-jsi (= 0.61.65)
    - React-jsiexecutor (= 0.61.65)
    - Yoga
  - React-Core/RCTNetworkHeaders (0.61.65):
    - Folly (= 2018.10.22.00)
    - glog
    - React-Core/Default
    - React-cxxreact (= 0.61.65)
    - React-jsi (= 0.61.65)
    - React-jsiexecutor (= 0.61.65)
    - Yoga
  - React-Core/RCTSettingsHeaders (0.61.65):
    - Folly (= 2018.10.22.00)
    - glog
    - React-Core/Default
    - React-cxxreact (= 0.61.65)
    - React-jsi (= 0.61.65)
    - React-jsiexecutor (= 0.61.65)
    - Yoga
  - React-Core/RCTTextHeaders (0.61.65):
    - Folly (= 2018.10.22.00)
    - glog
    - React-Core/Default
    - React-cxxreact (= 0.61.65)
    - React-jsi (= 0.61.65)
    - React-jsiexecutor (= 0.61.65)
    - Yoga
  - React-Core/RCTVibrationHeaders (0.61.65):
    - Folly (= 2018.10.22.00)
    - glog
    - React-Core/Default
    - React-cxxreact (= 0.61.65)
    - React-jsi (= 0.61.65)
    - React-jsiexecutor (= 0.61.65)
    - Yoga
  - React-Core/RCTWebSocket (0.61.65):
    - Folly (= 2018.10.22.00)
    - glog
    - React-Core/Default (= 0.61.65)
    - React-cxxreact (= 0.61.65)
    - React-jsi (= 0.61.65)
    - React-jsiexecutor (= 0.61.65)
    - Yoga
  - React-CoreModules (0.61.65):
    - FBReactNativeSpec (= 0.61.65)
    - Folly (= 2018.10.22.00)
    - RCTTypeSafety (= 0.61.65)
    - React-Core/CoreModulesHeaders (= 0.61.65)
    - React-RCTImage (= 0.61.65)
    - ReactCommon/turbomodule/core (= 0.61.65)
  - React-cxxreact (0.61.65):
    - boost-for-react-native (= 1.63.0)
    - DoubleConversion
    - Folly (= 2018.10.22.00)
    - glog
    - React-jsinspector (= 0.61.65)
  - React-jsi (0.61.65):
    - boost-for-react-native (= 1.63.0)
    - DoubleConversion
    - Folly (= 2018.10.22.00)
    - glog
    - React-jsi/Default (= 0.61.65)
  - React-jsi/Default (0.61.65):
    - boost-for-react-native (= 1.63.0)
    - DoubleConversion
    - Folly (= 2018.10.22.00)
    - glog
  - React-jsiexecutor (0.61.65):
    - DoubleConversion
    - Folly (= 2018.10.22.00)
    - glog
    - React-cxxreact (= 0.61.65)
    - React-jsi (= 0.61.65)
  - React-jsinspector (0.61.65)
  - react-native-progress-view (1.1.0):
    - React
  - React-RCTActionSheet (0.61.65):
    - React-Core/RCTActionSheetHeaders (= 0.61.65)
  - React-RCTAnimation (0.61.65):
    - React-Core/RCTAnimationHeaders (= 0.61.65)
  - React-RCTBlob (0.61.65):
    - React-Core/RCTBlobHeaders (= 0.61.65)
    - React-Core/RCTWebSocket (= 0.61.65)
    - React-jsi (= 0.61.65)
    - React-RCTNetwork (= 0.61.65)
  - React-RCTImage (0.61.65):
    - React-Core/RCTImageHeaders (= 0.61.65)
    - React-RCTNetwork (= 0.61.65)
  - React-RCTLinking (0.61.65):
    - React-Core/RCTLinkingHeaders (= 0.61.65)
  - React-RCTNetwork (0.61.65):
    - React-Core/RCTNetworkHeaders (= 0.61.65)
  - React-RCTSettings (0.61.65):
    - React-Core/RCTSettingsHeaders (= 0.61.65)
  - React-RCTText (0.61.65):
    - React-Core/RCTTextHeaders (= 0.61.65)
  - React-RCTVibration (0.61.65):
    - React-Core/RCTVibrationHeaders (= 0.61.65)
  - ReactCommon/jscallinvoker (0.61.65):
    - DoubleConversion
    - Folly (= 2018.10.22.00)
    - glog
    - React-cxxreact (= 0.61.65)
  - ReactCommon/turbomodule/core (0.61.65):
    - DoubleConversion
    - Folly (= 2018.10.22.00)
    - glog
    - React-Core (= 0.61.65)
    - React-cxxreact (= 0.61.65)
    - React-jsi (= 0.61.65)
    - ReactCommon/jscallinvoker (= 0.61.65)
  - Yoga (1.14.0)

DEPENDENCIES:
  - boost-for-react-native (from `../node_modules/react-native-macos/third-party-podspecs/boost-for-react-native.podspec`)
  - DoubleConversion (from `../node_modules/react-native-macos/third-party-podspecs/DoubleConversion.podspec`)
  - FBLazyVector (from `../node_modules/react-native-macos/Libraries/FBLazyVector`)
  - FBReactNativeSpec (from `../node_modules/react-native-macos/Libraries/FBReactNativeSpec`)
  - Folly (from `../node_modules/react-native-macos/third-party-podspecs/Folly.podspec`)
  - glog (from `../node_modules/react-native-macos/third-party-podspecs/glog.podspec`)
  - RCTRequired (from `../node_modules/react-native-macos/Libraries/RCTRequired`)
  - RCTTypeSafety (from `../node_modules/react-native-macos/Libraries/TypeSafety`)
  - React (from `../node_modules/react-native-macos/`)
  - React-Core (from `../node_modules/react-native-macos/`)
  - React-Core/DevSupport (from `../node_modules/react-native-macos/`)
  - React-Core/RCTWebSocket (from `../node_modules/react-native-macos/`)
  - React-CoreModules (from `../node_modules/react-native-macos/React/CoreModules`)
  - React-cxxreact (from `../node_modules/react-native-macos/ReactCommon/cxxreact`)
  - React-jsi (from `../node_modules/react-native-macos/ReactCommon/jsi`)
  - React-jsiexecutor (from `../node_modules/react-native-macos/ReactCommon/jsiexecutor`)
  - React-jsinspector (from `../node_modules/react-native-macos/ReactCommon/jsinspector`)
  - react-native-progress-view (from `../../../..`)
  - React-RCTActionSheet (from `../node_modules/react-native-macos/Libraries/ActionSheetIOS`)
  - React-RCTAnimation (from `../node_modules/react-native-macos/Libraries/NativeAnimation`)
  - React-RCTBlob (from `../node_modules/react-native-macos/Libraries/Blob`)
  - React-RCTImage (from `../node_modules/react-native-macos/Libraries/Image`)
  - React-RCTLinking (from `../node_modules/react-native-macos/Libraries/LinkingIOS`)
  - React-RCTNetwork (from `../node_modules/react-native-macos/Libraries/Network`)
  - React-RCTSettings (from `../node_modules/react-native-macos/Libraries/Settings`)
  - React-RCTText (from `../node_modules/react-native-macos/Libraries/Text`)
  - React-RCTVibration (from `../node_modules/react-native-macos/Libraries/Vibration`)
  - ReactCommon/jscallinvoker (from `../node_modules/react-native-macos/ReactCommon`)
  - ReactCommon/turbomodule/core (from `../node_modules/react-native-macos/ReactCommon`)
  - Yoga (from `../node_modules/react-native-macos/ReactCommon/yoga`)

EXTERNAL SOURCES:
  boost-for-react-native:
    :podspec: "../node_modules/react-native-macos/third-party-podspecs/boost-for-react-native.podspec"
  DoubleConversion:
    :podspec: "../node_modules/react-native-macos/third-party-podspecs/DoubleConversion.podspec"
  FBLazyVector:
    :path: "../node_modules/react-native-macos/Libraries/FBLazyVector"
  FBReactNativeSpec:
    :path: "../node_modules/react-native-macos/Libraries/FBReactNativeSpec"
  Folly:
    :podspec: "../node_modules/react-native-macos/third-party-podspecs/Folly.podspec"
  glog:
    :podspec: "../node_modules/react-native-macos/third-party-podspecs/glog.podspec"
  RCTRequired:
    :path: "../node_modules/react-native-macos/Libraries/RCTRequired"
  RCTTypeSafety:
    :path: "../node_modules/react-native-macos/Libraries/TypeSafety"
  React:
    :path: "../node_modules/react-native-macos/"
  React-Core:
    :path: "../node_modules/react-native-macos/"
  React-CoreModules:
    :path: "../node_modules/react-native-macos/React/CoreModules"
  React-cxxreact:
    :path: "../node_modules/react-native-macos/ReactCommon/cxxreact"
  React-jsi:
    :path: "../node_modules/react-native-macos/ReactCommon/jsi"
  React-jsiexecutor:
    :path: "../node_modules/react-native-macos/ReactCommon/jsiexecutor"
  React-jsinspector:
    :path: "../node_modules/react-native-macos/ReactCommon/jsinspector"
  react-native-progress-view:
    :path: "../../../.."
  React-RCTActionSheet:
    :path: "../node_modules/react-native-macos/Libraries/ActionSheetIOS"
  React-RCTAnimation:
    :path: "../node_modules/react-native-macos/Libraries/NativeAnimation"
  React-RCTBlob:
    :path: "../node_modules/react-native-macos/Libraries/Blob"
  React-RCTImage:
    :path: "../node_modules/react-native-macos/Libraries/Image"
  React-RCTLinking:
    :path: "../node_modules/react-native-macos/Libraries/LinkingIOS"
  React-RCTNetwork:
    :path: "../node_modules/react-native-macos/Libraries/Network"
  React-RCTSettings:
    :path: "../node_modules/react-native-macos/Libraries/Settings"
  React-RCTText:
    :path: "../node_modules/react-native-macos/Libraries/Text"
  React-RCTVibration:
    :path: "../node_modules/react-native-macos/Libraries/Vibration"
  ReactCommon:
    :path: "../node_modules/react-native-macos/ReactCommon"
  Yoga:
    :path: "../node_modules/react-native-macos/ReactCommon/yoga"

SPEC CHECKSUMS:
  boost-for-react-native: a110407d9db2642fd2e1bcd7c5a51c81f2521dc9
  DoubleConversion: a1bc12a74baa397a2609e0f10e19b8062d864053
  FBLazyVector: d234b4958bd25174f74295e1c0d1172ae8ee2774
  FBReactNativeSpec: 152f910328f69780a8af8c35ffa18af3c507a091
  Folly: feff29ba9d0b7c2e4f793a94942831d6cc5bbad7
  glog: b3f6d74f3e2d33396addc0ee724d2b2b79fc3e00
  RCTRequired: 6e301b56ae2f04892e36b155293c60e60a796957
  RCTTypeSafety: bfe1c25ef4a0a335d7bbd91b552eada59bf6ac79
  React: 9b143a0935b5894d2182956beb8aab36c798a268
  React-Core: 7bbde6d5187fcf83abb04da3b9230ea35b7f2f5a
  React-CoreModules: 2591093ee4fd4837eb535a7ac7a7acb649ab7a4f
  React-cxxreact: ba453df64d0754a7677064d6540e465aed0e2d96
  React-jsi: 6af64a681279114b2a37039f590c1bac7a11716b
  React-jsiexecutor: 65cd05201df58879892a370bc1a3ea1294eeb503
  React-jsinspector: 4ba6b94e1d4b2cdc6b7bda202a86be2b342f95bd
  react-native-progress-view: 120ed0edb2efc20a0bba2c12ac435e4dbbfcaf1a
  React-RCTActionSheet: cbdcd60a7cef8a90534717090906051fdbbe26d7
  React-RCTAnimation: 90be7a67a61129d9a7c989c7ebf68ed8140bd354
  React-RCTBlob: 26f0bf784f4bbfd8670244da2555fbcc17c6d3a9
  React-RCTImage: c7ddc9afcefaac54f6f36a783fca6d2a59a60e01
  React-RCTLinking: a85f7a529ed995dc48bf8c07f3187c579114a0ec
  React-RCTNetwork: 77a4984e25cfe77ee91c4db06d9095b118bf9e07
  React-RCTSettings: a1f94fa32c7f0ca2cdec2c5815cb137e815ddaf5
  React-RCTText: c12ee32bf86f44a6c312a2bcb46a268fc3a24cf1
  React-RCTVibration: 5b931df94c5f63ec91f75044aed93c8e8fdb581b
  ReactCommon: e76c2639c36d4e4acd507041eddc580a90bc06c8
  Yoga: 7d784f976888661a2cea9333ab06125b1133e435

PODFILE CHECKSUM: 802b05051d540c6753a00c391eb4c8d2970f2e78

COCOAPODS: 1.9.3
